{
  "name": "embraced-by-love-style",
  "version": "0.3.0",
  "lockfileVersion": 3,
  "requires": true,
  "packages": {
    "": {
      "name": "embraced-by-love-style",
      "version": "0.3.0",
      "license": "MIT",
      "bin": {
        "embraced-by-love-style": "bin/cli.mjs"
      },
      "engines": {
        "node": ">=18.17"
      }
    }
  }
}
